
Microsoft Visual Studio Solution File, Format Version 12.00
# Visual Studio 2015
Project("{FAE04EC0-301F-11D3-BF4B-00C04F79EFBC}") = "Amazon", "Amazon.csproj", "{42E8CDF4-8FDF-C6D6-36F3-942E96D34DE4}"
EndProject
Project("{FAE04EC0-301F-11D3-BF4B-00C04F79EFBC}") = "Amazon.Editor", "Amazon.Editor.csproj", "{43F808D4-0DF1-DF27-8432-81E89EC9E18C}"
EndProject
Global
	GlobalSection(SolutionConfigurationPlatforms) = preSolution
		Debug|Any CPU = Debug|Any CPU
		Release|Any CPU = Release|Any CPU
	EndGlobalSection
	GlobalSection(ProjectConfigurationPlatforms) = postSolution
		{42E8CDF4-8FDF-C6D6-36F3-942E96D34DE4}.Debug|Any CPU.ActiveCfg = Debug|Any CPU
		{42E8CDF4-8FDF-C6D6-36F3-942E96D34DE4}.Debug|Any CPU.Build.0 = Debug|Any CPU
		{42E8CDF4-8FDF-C6D6-36F3-942E96D34DE4}.Release|Any CPU.ActiveCfg = Release|Any CPU
		{42E8CDF4-8FDF-C6D6-36F3-942E96D34DE4}.Release|Any CPU.Build.0 = Release|Any CPU
		{43F808D4-0DF1-DF27-8432-81E89EC9E18C}.Debug|Any CPU.ActiveCfg = Debug|Any CPU
		{43F808D4-0DF1-DF27-8432-81E89EC9E18C}.Debug|Any CPU.Build.0 = Debug|Any CPU
		{43F808D4-0DF1-DF27-8432-81E89EC9E18C}.Release|Any CPU.ActiveCfg = Release|Any CPU
		{43F808D4-0DF1-DF27-8432-81E89EC9E18C}.Release|Any CPU.Build.0 = Release|Any CPU
	EndGlobalSection
	GlobalSection(SolutionProperties) = preSolution
		HideSolutionNode = FALSE
	EndGlobalSection
EndGlobal
